// !$*UTF8*$!
{
	archiveVersion = 1;
	classes = {
	};
	objectVersion = 50;
	objects = {

/* Begin PBXBuildFile section */
		80D7680A26750676003C5F93 /* AnalyticsTestApp.swift in Sources */ = {isa = PBXBuildFile; fileRef = 80D7680926750676003C5F93 /* AnalyticsTestApp.swift */; };
		80D7680C26750676003C5F93 /* ContentView.swift in Sources */ = {isa = PBXBuildFile; fileRef = 80D7680B26750676003C5F93 /* ContentView.swift */; };
		80D7680E26750679003C5F93 /* Assets.xcassets in Resources */ = {isa = PBXBuildFile; fileRef = 80D7680D26750679003C5F93 /* Assets.xcassets */; };
		80D76819267506A0003C5F93 /* AnalyticsView.swift in Sources */ = {isa = PBXBuildFile; fileRef = 80D76818267506A0003C5F93 /* AnalyticsView.swift */; };
		80D7681E2675AD80003C5F93 /* AnalyticsModifier.swift in Sources */ = {isa = PBXBuildFile; fileRef = 80D7681D2675AD80003C5F93 /* AnalyticsModifier.swift */; };
		80D768212675AEA0003C5F93 /* ListUsingAnalyticsView.swift in Sources */ = {isa = PBXBuildFile; fileRef = 80D768202675AEA0003C5F93 /* ListUsingAnalyticsView.swift */; };
		80D768232675AEB3003C5F93 /* ListUsingAnalyticsModifier.swift in Sources */ = {isa = PBXBuildFile; fileRef = 80D768222675AEB3003C5F93 /* ListUsingAnalyticsModifier.swift */; };
		80D768252675AF88003C5F93 /* RowView.swift in Sources */ = {isa = PBXBuildFile; fileRef = 80D768242675AF88003C5F93 /* RowView.swift */; };
		80D768272675B5A6003C5F93 /* AnalyticsOptions.swift in Sources */ = {isa = PBXBuildFile; fileRef = 80D768262675B5A6003C5F93 /* AnalyticsOptions.swift */; };
/* End PBXBuildFile section */

/* Begin PBXFileReference section */
		80D7680626750676003C5F93 /* AnalyticsTest.app */ = {isa = PBXFileReference; explicitFileType = wrapper.application; includeInIndex = 0; path = AnalyticsTest.app; sourceTree = BUILT_PRODUCTS_DIR; };
		80D7680926750676003C5F93 /* AnalyticsTestApp.swift */ = {isa = PBXFileReference; lastKnownFileType = sourcecode.swift; path = AnalyticsTestApp.swift; sourceTree = "<group>"; };
		80D7680B26750676003C5F93 /* ContentView.swift */ = {isa = PBXFileReference; lastKnownFileType = sourcecode.swift; path = ContentView.swift; sourceTree = "<group>"; };
		80D7680D26750679003C5F93 /* Assets.xcassets */ = {isa = PBXFileReference; lastKnownFileType = folder.assetcatalog; path = Assets.xcassets; sourceTree = "<group>"; };
		80D7681226750679003C5F93 /* Info.plist */ = {isa = PBXFileReference; lastKnownFileType = text.plist.xml; path = Info.plist; sourceTree = "<group>"; };
		80D76818267506A0003C5F93 /* AnalyticsView.swift */ = {isa = PBXFileReference; lastKnownFileType = sourcecode.swift; path = AnalyticsView.swift; sourceTree = "<group>"; };
		80D7681D2675AD80003C5F93 /* AnalyticsModifier.swift */ = {isa = PBXFileReference; lastKnownFileType = sourcecode.swift; path = AnalyticsModifier.swift; sourceTree = "<group>"; };
		80D768202675AEA0003C5F93 /* ListUsingAnalyticsView.swift */ = {isa = PBXFileReference; lastKnownFileType = sourcecode.swift; path = ListUsingAnalyticsView.swift; sourceTree = "<group>"; };
		80D768222675AEB3003C5F93 /* ListUsingAnalyticsModifier.swift */ = {isa = PBXFileReference; lastKnownFileType = sourcecode.swift; path = ListUsingAnalyticsModifier.swift; sourceTree = "<group>"; };
		80D768242675AF88003C5F93 /* RowView.swift */ = {isa = PBXFileReference; lastKnownFileType = sourcecode.swift; path = RowView.swift; sourceTree = "<group>"; };
		80D768262675B5A6003C5F93 /* AnalyticsOptions.swift */ = {isa = PBXFileReference; lastKnownFileType = sourcecode.swift; path = AnalyticsOptions.swift; sourceTree = "<group>"; };
/* End PBXFileReference section */

/* Begin PBXFrameworksBuildPhase section */
		80D7680326750676003C5F93 /* Frameworks */ = {
			isa = PBXFrameworksBuildPhase;
			buildActionMask = 2147483647;
			files = (
			);
			runOnlyForDeploymentPostprocessing = 0;
		};
/* End PBXFrameworksBuildPhase section */

/* Begin PBXGroup section */
		80D767FD26750676003C5F93 = {
			isa = PBXGroup;
			children = (
				80D7680826750676003C5F93 /* AnalyticsTest */,
				80D7680726750676003C5F93 /* Products */,
			);
			sourceTree = "<group>";
		};
		80D7680726750676003C5F93 /* Products */ = {
			isa = PBXGroup;
			children = (
				80D7680626750676003C5F93 /* AnalyticsTest.app */,
			);
			name = Products;
			sourceTree = "<group>";
		};
		80D7680826750676003C5F93 /* AnalyticsTest */ = {
			isa = PBXGroup;
			children = (
				80D7681B267507A6003C5F93 /* App */,
				80D7681A26750774003C5F93 /* App Files */,
				80D7681F2675AE36003C5F93 /* Modifiers */,
				80D768282675B9FD003C5F93 /* Other */,
				80D7681C267507AF003C5F93 /* Views */,
			);
			path = AnalyticsTest;
			sourceTree = "<group>";
		};
		80D7681A26750774003C5F93 /* App Files */ = {
			isa = PBXGroup;
			children = (
				80D7680D26750679003C5F93 /* Assets.xcassets */,
				80D7681226750679003C5F93 /* Info.plist */,
			);
			path = "App Files";
			sourceTree = "<group>";
		};
		80D7681B267507A6003C5F93 /* App */ = {
			isa = PBXGroup;
			children = (
				80D7680926750676003C5F93 /* AnalyticsTestApp.swift */,
			);
			path = App;
			sourceTree = "<group>";
		};
		80D7681C267507AF003C5F93 /* Views */ = {
			isa = PBXGroup;
			children = (
				80D76818267506A0003C5F93 /* AnalyticsView.swift */,
				80D7680B26750676003C5F93 /* ContentView.swift */,
				80D768222675AEB3003C5F93 /* ListUsingAnalyticsModifier.swift */,
				80D768202675AEA0003C5F93 /* ListUsingAnalyticsView.swift */,
				80D768242675AF88003C5F93 /* RowView.swift */,
			);
			path = Views;
			sourceTree = "<group>";
		};
		80D7681F2675AE36003C5F93 /* Modifiers */ = {
			isa = PBXGroup;
			children = (
				80D7681D2675AD80003C5F93 /* AnalyticsModifier.swift */,
			);
			path = Modifiers;
			sourceTree = "<group>";
		};
		80D768282675B9FD003C5F93 /* Other */ = {
			isa = PBXGroup;
			children = (
				80D768262675B5A6003C5F93 /* AnalyticsOptions.swift */,
			);
			path = Other;
			sourceTree = "<group>";
		};
/* End PBXGroup section */

/* Begin PBXNativeTarget section */
		80D7680526750676003C5F93 /* AnalyticsTest */ = {
			isa = PBXNativeTarget;
			buildConfigurationList = 80D7681526750679003C5F93 /* Build configuration list for PBXNativeTarget "AnalyticsTest" */;
			buildPhases = (
				80D7680226750676003C5F93 /* Sources */,
				80D7680326750676003C5F93 /* Frameworks */,
				80D7680426750676003C5F93 /* Resources */,
			);
			buildRules = (
			);
			dependencies = (
			);
			name = AnalyticsTest;
			productName = AnalyticsTest;
			productReference = 80D7680626750676003C5F93 /* AnalyticsTest.app */;
			productType = "com.apple.product-type.application";
		};
/* End PBXNativeTarget section */

/* Begin PBXProject section */
		80D767FE26750676003C5F93 /* Project object */ = {
			isa = PBXProject;
			attributes = {
				LastSwiftUpdateCheck = 1250;
				LastUpgradeCheck = 1250;
				TargetAttributes = {
					80D7680526750676003C5F93 = {
						CreatedOnToolsVersion = 12.5;
					};
				};
			};
			buildConfigurationList = 80D7680126750676003C5F93 /* Build configuration list for PBXProject "AnalyticsTest" */;
			compatibilityVersion = "Xcode 9.3";
			developmentRegion = en;
			hasScannedForEncodings = 0;
			knownRegions = (
				en,
				Base,
			);
			mainGroup = 80D767FD26750676003C5F93;
			productRefGroup = 80D7680726750676003C5F93 /* Products */;
			projectDirPath = "";
			projectRoot = "";
			targets = (
				80D7680526750676003C5F93 /* AnalyticsTest */,
			);
		};
/* End PBXProject section */

/* Begin PBXResourcesBuildPhase section */
		80D7680426750676003C5F93 /* Resources */ = {
			isa = PBXResourcesBuildPhase;
			buildActionMask = 2147483647;
			files = (
				80D7680E26750679003C5F93 /* Assets.xcassets in Resources */,
			);
			runOnlyForDeploymentPostprocessing = 0;
		};
/* End PBXResourcesBuildPhase section */

/* Begin PBXSourcesBuildPhase section */
		80D7680226750676003C5F93 /* Sources */ = {
			isa = PBXSourcesBuildPhase;
			buildActionMask = 2147483647;
			files = (
				80D76819267506A0003C5F93 /* AnalyticsView.swift in Sources */,
				80D7681E2675AD80003C5F93 /* AnalyticsModifier.swift in Sources */,
				80D768252675AF88003C5F93 /* RowView.swift in Sources */,
				80D768212675AEA0003C5F93 /* ListUsingAnalyticsView.swift in Sources */,
				80D7680C26750676003C5F93 /* ContentView.swift in Sources */,
				80D768272675B5A6003C5F93 /* AnalyticsOptions.swift in Sources */,
				80D768232675AEB3003C5F93 /* ListUsingAnalyticsModifier.swift in Sources */,
				80D7680A26750676003C5F93 /* AnalyticsTestApp.swift in Sources */,
			);
			runOnlyForDeploymentPostprocessing = 0;
		};
/* End PBXSourcesBuildPhase section */

/* Begin XCBuildConfiguration section */
		80D7681326750679003C5F93 /* Debug */ = {
			isa = XCBuildConfiguration;
			buildSettings = {
				ALWAYS_SEARCH_USER_PATHS = NO;
				CLANG_ANALYZER_NONNULL = YES;
				CLANG_ANALYZER_NUMBER_OBJECT_CONVERSION = YES_AGGRESSIVE;
				CLANG_CXX_LANGUAGE_STANDARD = "gnu++14";
				CLANG_CXX_LIBRARY = "libc++";
				CLANG_ENABLE_MODULES = YES;
				CLANG_ENABLE_OBJC_ARC = YES;
				CLANG_ENABLE_OBJC_WEAK = YES;
				CLANG_WARN_BLOCK_CAPTURE_AUTORELEASING = YES;
				CLANG_WARN_BOOL_CONVERSION = YES;
				CLANG_WARN_COMMA = YES;
				CLANG_WARN_CONSTANT_CONVERSION = YES;
				CLANG_WARN_DEPRECATED_OBJC_IMPLEMENTATIONS = YES;
				CLANG_WARN_DIRECT_OBJC_ISA_USAGE = YES_ERROR;
				CLANG_WARN_DOCUMENTATION_COMMENTS = YES;
				CLANG_WARN_EMPTY_BODY = YES;
				CLANG_WARN_ENUM_CONVERSION = YES;
				CLANG_WARN_INFINITE_RECURSION = YES;
				CLANG_WARN_INT_CONVERSION = YES;
				CLANG_WARN_NON_LITERAL_NULL_CONVERSION = YES;
				CLANG_WARN_OBJC_IMPLICIT_RETAIN_SELF = YES;
				CLANG_WARN_OBJC_LITERAL_CONVERSION = YES;
				CLANG_WARN_OBJC_ROOT_CLASS = YES_ERROR;
				CLANG_WARN_QUOTED_INCLUDE_IN_FRAMEWORK_HEADER = YES;
				CLANG_WARN_RANGE_LOOP_ANALYSIS = YES;
				CLANG_WARN_STRICT_PROTOTYPES = YES;
				CLANG_WARN_SUSPICIOUS_MOVE = YES;
				CLANG_WARN_UNGUARDED_AVAILABILITY = YES_AGGRESSIVE;
				CLANG_WARN_UNREACHABLE_CODE = YES;
				CLANG_WARN__DUPLICATE_METHOD_MATCH = YES;
				COPY_PHASE_STRIP = NO;
				DEBUG_INFORMATION_FORMAT = dwarf;
				ENABLE_STRICT_OBJC_MSGSEND = YES;
				ENABLE_TESTABILITY = YES;
				GCC_C_LANGUAGE_STANDARD = gnu11;
				GCC_DYNAMIC_NO_PIC = NO;
				GCC_NO_COMMON_BLOCKS = YES;
				GCC_OPTIMIZATION_LEVEL = 0;
				GCC_PREPROCESSOR_DEFINITIONS = (
					"DEBUG=1",
					"$(inherited)",
				);
				GCC_WARN_64_TO_32_BIT_CONVERSION = YES;
				GCC_WARN_ABOUT_RETURN_TYPE = YES_ERROR;
				GCC_WARN_UNDECLARED_SELECTOR = YES;
				GCC_WARN_UNINITIALIZED_AUTOS = YES_AGGRESSIVE;
				GCC_WARN_UNUSED_FUNCTION = YES;
				GCC_WARN_UNUSED_VARIABLE = YES;
				IPHONEOS_DEPLOYMENT_TARGET = 14.5;
				MTL_ENABLE_DEBUG_INFO = INCLUDE_SOURCE;
				MTL_FAST_MATH = YES;
				ONLY_ACTIVE_ARCH = YES;
				SDKROOT = iphoneos;
				SWIFT_ACTIVE_COMPILATION_CONDITIONS = DEBUG;
				SWIFT_OPTIMIZATION_LEVEL = "-Onone";
			};
			name = Debug;
		};
		80D7681426750679003C5F93 /* Release */ = {
			isa = XCBuildConfiguration;
			buildSettings = {
				ALWAYS_SEARCH_USER_PATHS = NO;
				CLANG_ANALYZER_NONNULL = YES;
				CLANG_ANALYZER_NUMBER_OBJECT_CONVERSION = YES_AGGRESSIVE;
				CLANG_CXX_LANGUAGE_STANDARD = "gnu++14";
				CLANG_CXX_LIBRARY = "libc++";
				CLANG_ENABLE_MODULES = YES;
				CLANG_ENABLE_OBJC_ARC = YES;
				CLANG_ENABLE_OBJC_WEAK = YES;
				CLANG_WARN_BLOCK_CAPTURE_AUTORELEASING = YES;
				CLANG_WARN_BOOL_CONVERSION = YES;
				CLANG_WARN_COMMA = YES;
				CLANG_WARN_CONSTANT_CONVERSION = YES;
				CLANG_WARN_DEPRECATED_OBJC_IMPLEMENTATIONS = YES;
				CLANG_WARN_DIRECT_OBJC_ISA_USAGE = YES_ERROR;
				CLANG_WARN_DOCUMENTATION_COMMENTS = YES;
				CLANG_WARN_EMPTY_BODY = YES;
				CLANG_WARN_ENUM_CONVERSION = YES;
				CLANG_WARN_INFINITE_RECURSION = YES;
				CLANG_WARN_INT_CONVERSION = YES;
				CLANG_WARN_NON_LITERAL_NULL_CONVERSION = YES;
				CLANG_WARN_OBJC_IMPLICIT_RETAIN_SELF = YES;
				CLANG_WARN_OBJC_LITERAL_CONVERSION = YES;
				CLANG_WARN_OBJC_ROOT_CLASS = YES_ERROR;
				CLANG_WARN_QUOTED_INCLUDE_IN_FRAMEWORK_HEADER = YES;
				CLANG_WARN_RANGE_LOOP_ANALYSIS = YES;
				CLANG_WARN_STRICT_PROTOTYPES = YES;
				CLANG_WARN_SUSPICIOUS_MOVE = YES;
				CLANG_WARN_UNGUARDED_AVAILABILITY = YES_AGGRESSIVE;
				CLANG_WARN_UNREACHABLE_CODE = YES;
				CLANG_WARN__DUPLICATE_METHOD_MATCH = YES;
				COPY_PHASE_STRIP = NO;
				DEBUG_INFORMATION_FORMAT = "dwarf-with-dsym";
				ENABLE_NS_ASSERTIONS = NO;
				ENABLE_STRICT_OBJC_MSGSEND = YES;
				GCC_C_LANGUAGE_STANDARD = gnu11;
				GCC_NO_COMMON_BLOCKS = YES;
				GCC_WARN_64_TO_32_BIT_CONVERSION = YES;
				GCC_WARN_ABOUT_RETURN_TYPE = YES_ERROR;
				GCC_WARN_UNDECLARED_SELECTOR = YES;
				GCC_WARN_UNINITIALIZED_AUTOS = YES_AGGRESSIVE;
				GCC_WARN_UNUSED_FUNCTION = YES;
				GCC_WARN_UNUSED_VARIABLE = YES;
				IPHONEOS_DEPLOYMENT_TARGET = 14.5;
				MTL_ENABLE_DEBUG_INFO = NO;
				MTL_FAST_MATH = YES;
				SDKROOT = iphoneos;
				SWIFT_COMPILATION_MODE = wholemodule;
				SWIFT_OPTIMIZATION_LEVEL = "-O";
				VALIDATE_PRODUCT = YES;
			};
			name = Release;
		};
		80D7681626750679003C5F93 /* Debug */ = {
			isa = XCBuildConfiguration;
			buildSettings = {
				ASSETCATALOG_COMPILER_APPICON_NAME = AppIcon;
				ASSETCATALOG_COMPILER_GLOBAL_ACCENT_COLOR_NAME = AccentColor;
				CODE_SIGN_STYLE = Automatic;
				DEVELOPMENT_ASSET_PATHS = "";
				DEVELOPMENT_TEAM = 78CW4BPHYV;
				ENABLE_PREVIEWS = YES;
				INFOPLIST_FILE = "AnalyticsTest/App Files/Info.plist";
				IPHONEOS_DEPLOYMENT_TARGET = 14.0;
				LD_RUNPATH_SEARCH_PATHS = (
					"$(inherited)",
					"@executable_path/Frameworks",
				);
				PRODUCT_BUNDLE_IDENTIFIER = com.rlziii.AnalyticsTest;
				PRODUCT_NAME = "$(TARGET_NAME)";
				SWIFT_VERSION = 5.0;
				TARGETED_DEVICE_FAMILY = "1,2";
			};
			name = Debug;
		};
		80D7681726750679003C5F93 /* Release */ = {
			isa = XCBuildConfiguration;
			buildSettings = {
				ASSETCATALOG_COMPILER_APPICON_NAME = AppIcon;
				ASSETCATALOG_COMPILER_GLOBAL_ACCENT_COLOR_NAME = AccentColor;
				CODE_SIGN_STYLE = Automatic;
				DEVELOPMENT_ASSET_PATHS = "";
				DEVELOPMENT_TEAM = 78CW4BPHYV;
				ENABLE_PREVIEWS = YES;
				INFOPLIST_FILE = "AnalyticsTest/App Files/Info.plist";
				IPHONEOS_DEPLOYMENT_TARGET = 14.0;
				LD_RUNPATH_SEARCH_PATHS = (
					"$(inherited)",
					"@executable_path/Frameworks",
				);
				PRODUCT_BUNDLE_IDENTIFIER = com.rlziii.AnalyticsTest;
				PRODUCT_NAME = "$(TARGET_NAME)";
				SWIFT_VERSION = 5.0;
				TARGETED_DEVICE_FAMILY = "1,2";
			};
			name = Release;
		};
/* End XCBuildConfiguration section */

/* Begin XCConfigurationList section */
		80D7680126750676003C5F93 /* Build configuration list for PBXProject "AnalyticsTest" */ = {
			isa = XCConfigurationList;
			buildConfigurations = (
				80D7681326750679003C5F93 /* Debug */,
				80D7681426750679003C5F93 /* Release */,
			);
			defaultConfigurationIsVisible = 0;
			defaultConfigurationName = Release;
		};
		80D7681526750679003C5F93 /* Build configuration list for PBXNativeTarget "AnalyticsTest" */ = {
			isa = XCConfigurationList;
			buildConfigurations = (
				80D7681626750679003C5F93 /* Debug */,
				80D7681726750679003C5F93 /* Release */,
			);
			defaultConfigurationIsVisible = 0;
			defaultConfigurationName = Release;
		};
/* End XCConfigurationList section */
	};
	rootObject = 80D767FE26750676003C5F93 /* Project object */;
}
